
Microsoft Visual Studio Solution File, Format Version 12.00
# Visual Studio Version 17
VisualStudioVersion = 17.8.34408.163
MinimumVisualStudioVersion = 10.0.40219.1
Project("{FAE04EC0-301F-11D3-BF4B-00C04F79EFBC}") = "Car", "CarManufacturer\Car.csproj", "{5AC2B051-BA4B-4ECD-9B22-BDD1725FADD4}"
EndProject
Project("{FAE04EC0-301F-11D3-BF4B-00C04F79EFBC}") = "Car Extension", "Car Extension\Car Extension.csproj", "{75C7BEC8-EE85-4ABF-828D-D4B97ED4BC1F}"
EndProject
Project("{FAE04EC0-301F-11D3-BF4B-00C04F79EFBC}") = "Car Constructors", "Car Constructors\Car Constructors.csproj", "{1E73A466-A184-4A4F-B5BB-8DF58B91E201}"
EndProject
Project("{FAE04EC0-301F-11D3-BF4B-00C04F79EFBC}") = "Car Engine And Tires", "Car Engine And Tires\Car Engine And Tires.csproj", "{9FB9C14C-974F-4FFA-8FC7-D084F30A5E5B}"
EndProject
Project("{FAE04EC0-301F-11D3-BF4B-00C04F79EFBC}") = "Special Cars", "Special Cars\Special Cars.csproj", "{C722479E-9696-4867-A842-09458E520321}"
EndProject
Global
	GlobalSection(SolutionConfigurationPlatforms) = preSolution
		Debug|Any CPU = Debug|Any CPU
		Release|Any CPU = Release|Any CPU
	EndGlobalSection
	GlobalSection(ProjectConfigurationPlatforms) = postSolution
		{5AC2B051-BA4B-4ECD-9B22-BDD1725FADD4}.Debug|Any CPU.ActiveCfg = Debug|Any CPU
		{5AC2B051-BA4B-4ECD-9B22-BDD1725FADD4}.Debug|Any CPU.Build.0 = Debug|Any CPU
		{5AC2B051-BA4B-4ECD-9B22-BDD1725FADD4}.Release|Any CPU.ActiveCfg = Release|Any CPU
		{5AC2B051-BA4B-4ECD-9B22-BDD1725FADD4}.Release|Any CPU.Build.0 = Release|Any CPU
		{75C7BEC8-EE85-4ABF-828D-D4B97ED4BC1F}.Debug|Any CPU.ActiveCfg = Debug|Any CPU
		{75C7BEC8-EE85-4ABF-828D-D4B97ED4BC1F}.Debug|Any CPU.Build.0 = Debug|Any CPU
		{75C7BEC8-EE85-4ABF-828D-D4B97ED4BC1F}.Release|Any CPU.ActiveCfg = Release|Any CPU
		{75C7BEC8-EE85-4ABF-828D-D4B97ED4BC1F}.Release|Any CPU.Build.0 = Release|Any CPU
		{1E73A466-A184-4A4F-B5BB-8DF58B91E201}.Debug|Any CPU.ActiveCfg = Debug|Any CPU
		{1E73A466-A184-4A4F-B5BB-8DF58B91E201}.Debug|Any CPU.Build.0 = Debug|Any CPU
		{1E73A466-A184-4A4F-B5BB-8DF58B91E201}.Release|Any CPU.ActiveCfg = Release|Any CPU
		{1E73A466-A184-4A4F-B5BB-8DF58B91E201}.Release|Any CPU.Build.0 = Release|Any CPU
		{9FB9C14C-974F-4FFA-8FC7-D084F30A5E5B}.Debug|Any CPU.ActiveCfg = Debug|Any CPU
		{9FB9C14C-974F-4FFA-8FC7-D084F30A5E5B}.Debug|Any CPU.Build.0 = Debug|Any CPU
		{9FB9C14C-974F-4FFA-8FC7-D084F30A5E5B}.Release|Any CPU.ActiveCfg = Release|Any CPU
		{9FB9C14C-974F-4FFA-8FC7-D084F30A5E5B}.Release|Any CPU.Build.0 = Release|Any CPU
		{C722479E-9696-4867-A842-09458E520321}.Debug|Any CPU.ActiveCfg = Debug|Any CPU
		{C722479E-9696-4867-A842-09458E520321}.Debug|Any CPU.Build.0 = Debug|Any CPU
		{C722479E-9696-4867-A842-09458E520321}.Release|Any CPU.ActiveCfg = Release|Any CPU
		{C722479E-9696-4867-A842-09458E520321}.Release|Any CPU.Build.0 = Release|Any CPU
	EndGlobalSection
	GlobalSection(SolutionProperties) = preSolution
		HideSolutionNode = FALSE
	EndGlobalSection
	GlobalSection(ExtensibilityGlobals) = postSolution
		SolutionGuid = {84535DFB-A8BE-4D4C-B6DE-31AF422FDE06}
	EndGlobalSection
EndGlobal
