
Microsoft Visual Studio Solution File, Format Version 12.00
# Visual Studio Version 17
VisualStudioVersion = 17.8.34408.163
MinimumVisualStudioVersion = 10.0.40219.1
Project("{FAE04EC0-301F-11D3-BF4B-00C04F79EFBC}") = "Sort Even Numbers", "Sort Even Numbers\Sort Even Numbers.csproj", "{BF81FA6C-32D2-4E8A-9C96-6B7FFA26AD2A}"
EndProject
Project("{FAE04EC0-301F-11D3-BF4B-00C04F79EFBC}") = "Sum Numbers", "Sum Numbers\Sum Numbers.csproj", "{DA2731C8-8150-432D-8271-3C632AC67C59}"
EndProject
Project("{FAE04EC0-301F-11D3-BF4B-00C04F79EFBC}") = "Count Uppercase Words", "Count Uppercase Words\Count Uppercase Words.csproj", "{862AB4F4-0E70-42E0-A9F3-252F31941C3D}"
EndProject
Project("{FAE04EC0-301F-11D3-BF4B-00C04F79EFBC}") = "Add VAT", "Add VAT\Add VAT.csproj", "{DDCFB3E6-B8D3-49A7-BCBA-066DFD002568}"
EndProject
Project("{FAE04EC0-301F-11D3-BF4B-00C04F79EFBC}") = "Filter By Age", "Filter By Age\Filter By Age.csproj", "{48DC7EB4-9FAE-4204-95E3-99761FE6C390}"
EndProject
Global
	GlobalSection(SolutionConfigurationPlatforms) = preSolution
		Debug|Any CPU = Debug|Any CPU
		Release|Any CPU = Release|Any CPU
	EndGlobalSection
	GlobalSection(ProjectConfigurationPlatforms) = postSolution
		{BF81FA6C-32D2-4E8A-9C96-6B7FFA26AD2A}.Debug|Any CPU.ActiveCfg = Debug|Any CPU
		{BF81FA6C-32D2-4E8A-9C96-6B7FFA26AD2A}.Debug|Any CPU.Build.0 = Debug|Any CPU
		{BF81FA6C-32D2-4E8A-9C96-6B7FFA26AD2A}.Release|Any CPU.ActiveCfg = Release|Any CPU
		{BF81FA6C-32D2-4E8A-9C96-6B7FFA26AD2A}.Release|Any CPU.Build.0 = Release|Any CPU
		{DA2731C8-8150-432D-8271-3C632AC67C59}.Debug|Any CPU.ActiveCfg = Debug|Any CPU
		{DA2731C8-8150-432D-8271-3C632AC67C59}.Debug|Any CPU.Build.0 = Debug|Any CPU
		{DA2731C8-8150-432D-8271-3C632AC67C59}.Release|Any CPU.ActiveCfg = Release|Any CPU
		{DA2731C8-8150-432D-8271-3C632AC67C59}.Release|Any CPU.Build.0 = Release|Any CPU
		{862AB4F4-0E70-42E0-A9F3-252F31941C3D}.Debug|Any CPU.ActiveCfg = Debug|Any CPU
		{862AB4F4-0E70-42E0-A9F3-252F31941C3D}.Debug|Any CPU.Build.0 = Debug|Any CPU
		{862AB4F4-0E70-42E0-A9F3-252F31941C3D}.Release|Any CPU.ActiveCfg = Release|Any CPU
		{862AB4F4-0E70-42E0-A9F3-252F31941C3D}.Release|Any CPU.Build.0 = Release|Any CPU
		{DDCFB3E6-B8D3-49A7-BCBA-066DFD002568}.Debug|Any CPU.ActiveCfg = Debug|Any CPU
		{DDCFB3E6-B8D3-49A7-BCBA-066DFD002568}.Debug|Any CPU.Build.0 = Debug|Any CPU
		{DDCFB3E6-B8D3-49A7-BCBA-066DFD002568}.Release|Any CPU.ActiveCfg = Release|Any CPU
		{DDCFB3E6-B8D3-49A7-BCBA-066DFD002568}.Release|Any CPU.Build.0 = Release|Any CPU
		{48DC7EB4-9FAE-4204-95E3-99761FE6C390}.Debug|Any CPU.ActiveCfg = Debug|Any CPU
		{48DC7EB4-9FAE-4204-95E3-99761FE6C390}.Debug|Any CPU.Build.0 = Debug|Any CPU
		{48DC7EB4-9FAE-4204-95E3-99761FE6C390}.Release|Any CPU.ActiveCfg = Release|Any CPU
		{48DC7EB4-9FAE-4204-95E3-99761FE6C390}.Release|Any CPU.Build.0 = Release|Any CPU
	EndGlobalSection
	GlobalSection(SolutionProperties) = preSolution
		HideSolutionNode = FALSE
	EndGlobalSection
	GlobalSection(ExtensibilityGlobals) = postSolution
		SolutionGuid = {CDFC45B3-756D-4AE7-B57A-64B4245320A3}
	EndGlobalSection
EndGlobal
