
Microsoft Visual Studio Solution File, Format Version 12.00
# Visual Studio Version 17
VisualStudioVersion = 17.8.34408.163
MinimumVisualStudioVersion = 10.0.40219.1
Project("{FAE04EC0-301F-11D3-BF4B-00C04F79EFBC}") = "BoxOfT", "Box\BoxOfT.csproj", "{ABBED32B-7B9F-4840-A99E-EAD9230C2033}"
EndProject
Project("{FAE04EC0-301F-11D3-BF4B-00C04F79EFBC}") = "GenericArrayCreator", "GenericArrayCreator\GenericArrayCreator.csproj", "{6414F337-C00E-40B1-86F2-9FFED2E12942}"
EndProject
Project("{FAE04EC0-301F-11D3-BF4B-00C04F79EFBC}") = "GenericScale", "GenericScale\GenericScale.csproj", "{41306798-14A9-4EDD-B891-5F3E75F27279}"
EndProject
Global
	GlobalSection(SolutionConfigurationPlatforms) = preSolution
		Debug|Any CPU = Debug|Any CPU
		Release|Any CPU = Release|Any CPU
	EndGlobalSection
	GlobalSection(ProjectConfigurationPlatforms) = postSolution
		{ABBED32B-7B9F-4840-A99E-EAD9230C2033}.Debug|Any CPU.ActiveCfg = Debug|Any CPU
		{ABBED32B-7B9F-4840-A99E-EAD9230C2033}.Debug|Any CPU.Build.0 = Debug|Any CPU
		{ABBED32B-7B9F-4840-A99E-EAD9230C2033}.Release|Any CPU.ActiveCfg = Release|Any CPU
		{ABBED32B-7B9F-4840-A99E-EAD9230C2033}.Release|Any CPU.Build.0 = Release|Any CPU
		{6414F337-C00E-40B1-86F2-9FFED2E12942}.Debug|Any CPU.ActiveCfg = Debug|Any CPU
		{6414F337-C00E-40B1-86F2-9FFED2E12942}.Debug|Any CPU.Build.0 = Debug|Any CPU
		{6414F337-C00E-40B1-86F2-9FFED2E12942}.Release|Any CPU.ActiveCfg = Release|Any CPU
		{6414F337-C00E-40B1-86F2-9FFED2E12942}.Release|Any CPU.Build.0 = Release|Any CPU
		{41306798-14A9-4EDD-B891-5F3E75F27279}.Debug|Any CPU.ActiveCfg = Debug|Any CPU
		{41306798-14A9-4EDD-B891-5F3E75F27279}.Debug|Any CPU.Build.0 = Debug|Any CPU
		{41306798-14A9-4EDD-B891-5F3E75F27279}.Release|Any CPU.ActiveCfg = Release|Any CPU
		{41306798-14A9-4EDD-B891-5F3E75F27279}.Release|Any CPU.Build.0 = Release|Any CPU
	EndGlobalSection
	GlobalSection(SolutionProperties) = preSolution
		HideSolutionNode = FALSE
	EndGlobalSection
	GlobalSection(ExtensibilityGlobals) = postSolution
		SolutionGuid = {72B34541-DA6D-4AA1-97D6-6F47C0F3EF81}
	EndGlobalSection
EndGlobal
