
Microsoft Visual Studio Solution File, Format Version 12.00
# Visual Studio Version 17
VisualStudioVersion = 17.8.34408.163
MinimumVisualStudioVersion = 10.0.40219.1
Project("{FAE04EC0-301F-11D3-BF4B-00C04F79EFBC}") = "CustomDoublyLinkedList", "CustomDoublyLinkedList\CustomDoublyLinkedList.csproj", "{4E4AC10C-A659-4B7C-AEEF-8175D7D15C6C}"
EndProject
Global
	GlobalSection(SolutionConfigurationPlatforms) = preSolution
		Debug|Any CPU = Debug|Any CPU
		Release|Any CPU = Release|Any CPU
	EndGlobalSection
	GlobalSection(ProjectConfigurationPlatforms) = postSolution
		{4E4AC10C-A659-4B7C-AEEF-8175D7D15C6C}.Debug|Any CPU.ActiveCfg = Debug|Any CPU
		{4E4AC10C-A659-4B7C-AEEF-8175D7D15C6C}.Debug|Any CPU.Build.0 = Debug|Any CPU
		{4E4AC10C-A659-4B7C-AEEF-8175D7D15C6C}.Release|Any CPU.ActiveCfg = Release|Any CPU
		{4E4AC10C-A659-4B7C-AEEF-8175D7D15C6C}.Release|Any CPU.Build.0 = Release|Any CPU
	EndGlobalSection
	GlobalSection(SolutionProperties) = preSolution
		HideSolutionNode = FALSE
	EndGlobalSection
	GlobalSection(ExtensibilityGlobals) = postSolution
		SolutionGuid = {3829B2B8-7D0B-4E33-AB98-031E7555C916}
	EndGlobalSection
EndGlobal
