
Microsoft Visual Studio Solution File, Format Version 12.00
# Visual Studio Version 17
VisualStudioVersion = 17.8.34408.163
MinimumVisualStudioVersion = 10.0.40219.1
Project("{9A19103F-16F7-4668-BE54-9A1E7A4F7556}") = "Implement the CustomList Class", "Implement the CustomList Class\Implement the CustomList Class.csproj", "{C4FA085C-3EFB-4CD7-A6F4-8F16C9240957}"
EndProject
Project("{9A19103F-16F7-4668-BE54-9A1E7A4F7556}") = "Implement the CustomStack Class", "Implement the CustomStack Class\Implement the CustomStack Class.csproj", "{E363E877-B85C-4600-A904-C6850A44E768}"
EndProject
Project("{FAE04EC0-301F-11D3-BF4B-00C04F79EFBC}") = "Implement the CustomQueue Class", "Implement the CustomQueue Class\Implement the CustomQueue Class.csproj", "{F0987FF8-2294-4678-A4A8-40BBE96308B0}"
EndProject
Global
	GlobalSection(SolutionConfigurationPlatforms) = preSolution
		Debug|Any CPU = Debug|Any CPU
		Release|Any CPU = Release|Any CPU
	EndGlobalSection
	GlobalSection(ProjectConfigurationPlatforms) = postSolution
		{C4FA085C-3EFB-4CD7-A6F4-8F16C9240957}.Debug|Any CPU.ActiveCfg = Debug|Any CPU
		{C4FA085C-3EFB-4CD7-A6F4-8F16C9240957}.Debug|Any CPU.Build.0 = Debug|Any CPU
		{C4FA085C-3EFB-4CD7-A6F4-8F16C9240957}.Release|Any CPU.ActiveCfg = Release|Any CPU
		{C4FA085C-3EFB-4CD7-A6F4-8F16C9240957}.Release|Any CPU.Build.0 = Release|Any CPU
		{E363E877-B85C-4600-A904-C6850A44E768}.Debug|Any CPU.ActiveCfg = Debug|Any CPU
		{E363E877-B85C-4600-A904-C6850A44E768}.Debug|Any CPU.Build.0 = Debug|Any CPU
		{E363E877-B85C-4600-A904-C6850A44E768}.Release|Any CPU.ActiveCfg = Release|Any CPU
		{E363E877-B85C-4600-A904-C6850A44E768}.Release|Any CPU.Build.0 = Release|Any CPU
		{F0987FF8-2294-4678-A4A8-40BBE96308B0}.Debug|Any CPU.ActiveCfg = Debug|Any CPU
		{F0987FF8-2294-4678-A4A8-40BBE96308B0}.Debug|Any CPU.Build.0 = Debug|Any CPU
		{F0987FF8-2294-4678-A4A8-40BBE96308B0}.Release|Any CPU.ActiveCfg = Release|Any CPU
		{F0987FF8-2294-4678-A4A8-40BBE96308B0}.Release|Any CPU.Build.0 = Release|Any CPU
	EndGlobalSection
	GlobalSection(SolutionProperties) = preSolution
		HideSolutionNode = FALSE
	EndGlobalSection
	GlobalSection(ExtensibilityGlobals) = postSolution
		SolutionGuid = {234C5893-68EA-4E71-9A1A-BC2C75C40D22}
	EndGlobalSection
EndGlobal
